
Microsoft Visual Studio Solution File, Format Version 12.00
# Visual Studio Version 17
VisualStudioVersion = 17.3.32825.248
MinimumVisualStudioVersion = 10.0.40219.1
Project("{FAE04EC0-301F-11D3-BF4B-00C04F79EFBC}") = "TestRepo", "TestRepo\TestRepo.csproj", "{979B760A-937E-476D-BC5D-CAF2A3402F13}"
EndProject
Global
	GlobalSection(SolutionConfigurationPlatforms) = preSolution
		Debug|Any CPU = Debug|Any CPU
		Release|Any CPU = Release|Any CPU
	EndGlobalSection
	GlobalSection(ProjectConfigurationPlatforms) = postSolution
		{979B760A-937E-476D-BC5D-CAF2A3402F13}.Debug|Any CPU.ActiveCfg = Debug|Any CPU
		{979B760A-937E-476D-BC5D-CAF2A3402F13}.Debug|Any CPU.Build.0 = Debug|Any CPU
		{979B760A-937E-476D-BC5D-CAF2A3402F13}.Release|Any CPU.ActiveCfg = Release|Any CPU
		{979B760A-937E-476D-BC5D-CAF2A3402F13}.Release|Any CPU.Build.0 = Release|Any CPU
	EndGlobalSection
	GlobalSection(SolutionProperties) = preSolution
		HideSolutionNode = FALSE
	EndGlobalSection
	GlobalSection(ExtensibilityGlobals) = postSolution
		SolutionGuid = {E0130129-1638-4548-96B4-775A0982D9EB}
	EndGlobalSection
EndGlobal
